
Microsoft Visual Studio Solution File, Format Version 12.00
# Visual Studio Version 16
VisualStudioVersion = 16.0.31515.178
MinimumVisualStudioVersion = 10.0.40219.1
Project("{FAE04EC0-301F-11D3-BF4B-00C04F79EFBC}") = "BaseProject", "BaseProject\BaseProject.csproj", "{597C6203-2E71-49BF-B00B-E410D8198660}"
EndProject
Project("{FAE04EC0-301F-11D3-BF4B-00C04F79EFBC}") = "DomainLayer", "DomainLayer\DomainLayer.csproj", "{1AA4EB91-6AB5-4B32-8E58-BB698E901A99}"
EndProject
Project("{FAE04EC0-301F-11D3-BF4B-00C04F79EFBC}") = "RepositoryLayer", "RepositoryLayer\RepositoryLayer.csproj", "{431620AE-AEA5-4785-8694-EE943AB42AD1}"
EndProject
Global
	GlobalSection(SolutionConfigurationPlatforms) = preSolution
		Debug|Any CPU = Debug|Any CPU
		Release|Any CPU = Release|Any CPU
	EndGlobalSection
	GlobalSection(ProjectConfigurationPlatforms) = postSolution
		{597C6203-2E71-49BF-B00B-E410D8198660}.Debug|Any CPU.ActiveCfg = Debug|Any CPU
		{597C6203-2E71-49BF-B00B-E410D8198660}.Debug|Any CPU.Build.0 = Debug|Any CPU
		{597C6203-2E71-49BF-B00B-E410D8198660}.Release|Any CPU.ActiveCfg = Release|Any CPU
		{597C6203-2E71-49BF-B00B-E410D8198660}.Release|Any CPU.Build.0 = Release|Any CPU
		{1AA4EB91-6AB5-4B32-8E58-BB698E901A99}.Debug|Any CPU.ActiveCfg = Debug|Any CPU
		{1AA4EB91-6AB5-4B32-8E58-BB698E901A99}.Debug|Any CPU.Build.0 = Debug|Any CPU
		{1AA4EB91-6AB5-4B32-8E58-BB698E901A99}.Release|Any CPU.ActiveCfg = Release|Any CPU
		{1AA4EB91-6AB5-4B32-8E58-BB698E901A99}.Release|Any CPU.Build.0 = Release|Any CPU
		{431620AE-AEA5-4785-8694-EE943AB42AD1}.Debug|Any CPU.ActiveCfg = Debug|Any CPU
		{431620AE-AEA5-4785-8694-EE943AB42AD1}.Debug|Any CPU.Build.0 = Debug|Any CPU
		{431620AE-AEA5-4785-8694-EE943AB42AD1}.Release|Any CPU.ActiveCfg = Release|Any CPU
		{431620AE-AEA5-4785-8694-EE943AB42AD1}.Release|Any CPU.Build.0 = Release|Any CPU
	EndGlobalSection
	GlobalSection(SolutionProperties) = preSolution
		HideSolutionNode = FALSE
	EndGlobalSection
	GlobalSection(ExtensibilityGlobals) = postSolution
		SolutionGuid = {83632057-BD9D-401E-9C6E-2C3ED59F389F}
	EndGlobalSection
EndGlobal
